
Microsoft Visual Studio Solution File, Format Version 12.00
# Visual Studio Version 17
VisualStudioVersion = 17.11.35222.181
MinimumVisualStudioVersion = 10.0.40219.1
Project("{FAE04EC0-301F-11D3-BF4B-00C04F79EFBC}") = "Sankore.Api", "src\Bootstrapper\Sankore.Api\Sankore.Api.csproj", "{2AE78283-3E16-4B9A-A6B2-B2CD5B178917}"
EndProject
Project("{FAE04EC0-301F-11D3-BF4B-00C04F79EFBC}") = "Sankore.Shared.Kernel", "src\Shared\Sankore.Shared.Kernel\Sankore.Shared.Kernel.csproj", "{D9E38DC0-7B91-4A66-8A8F-966C2B78F3EB}"
EndProject
Project("{FAE04EC0-301F-11D3-BF4B-00C04F79EFBC}") = "Sankore.Shared.Infrastructure", "src\Shared\Sankore.Shared.Infrastructure\Sankore.Shared.Infrastructure.csproj", "{B9460BA3-E380-4EBE-B62E-689B09AC35AA}"
EndProject
Project("{FAE04EC0-301F-11D3-BF4B-00C04F79EFBC}") = "Sankore.Modules.Administration.PublicApi", "src\Modules\Administration\Sankore.Modules.Administration.PublicApi\Sankore.Modules.Administration.PublicApi.csproj", "{8763B3C8-C50C-4B9A-A329-51121D7CF2CA}"
EndProject
Project("{FAE04EC0-301F-11D3-BF4B-00C04F79EFBC}") = "Sankore.Modules.Administration", "src\Modules\Administration\Sankore.Modules.Administration\Sankore.Modules.Administration.csproj", "{A1F7054B-2C37-45C7-BD02-AB353749F747}"
EndProject
Project("{FAE04EC0-301F-11D3-BF4B-00C04F79EFBC}") = "Sankore.Modules.Leads.PublicApi", "src\Modules\Leads\Sankore.Modules.Leads.PublicApi\Sankore.Modules.Leads.PublicApi.csproj", "{E3D0DC5A-0466-48E9-9612-77940AC94024}"
EndProject
Project("{FAE04EC0-301F-11D3-BF4B-00C04F79EFBC}") = "Sankore.Modules.Leads", "src\Modules\Leads\Sankore.Modules.Leads\Sankore.Modules.Leads.csproj", "{58F51E34-775A-4197-A825-434121C03D86}"
EndProject
Project("{FAE04EC0-301F-11D3-BF4B-00C04F79EFBC}") = "Sankore.Modules.Leads.Tests", "src\Modules\Leads\Sankore.Modules.Leads.Tests\Sankore.Modules.Leads.Tests.csproj", "{B1F9E964-2B8B-4A3B-9290-88036EB1C448}"
EndProject
Project("{2150E333-8FDC-42A3-9474-1A3956D46DE8}") = "Bootstrapper", "Bootstrapper", "{11111111-0000-0000-0000-000000000001}"
EndProject
Project("{2150E333-8FDC-42A3-9474-1A3956D46DE8}") = "Shared", "Shared", "{11111111-0000-0000-0000-000000000002}"
EndProject
Project("{2150E333-8FDC-42A3-9474-1A3956D46DE8}") = "Modules", "Modules", "{11111111-0000-0000-0000-000000000003}"
EndProject
Project("{2150E333-8FDC-42A3-9474-1A3956D46DE8}") = "Administration", "Administration", "{11111111-0000-0000-0000-000000000004}"
EndProject
Project("{2150E333-8FDC-42A3-9474-1A3956D46DE8}") = "Leads", "Leads", "{11111111-0000-0000-0000-000000000005}"
EndProject
Project("{2150E333-8FDC-42A3-9474-1A3956D46DE8}") = "Solution Items", "Solution Items", "{CF3E2957-B0C0-41D3-AC29-5F38AEF43D88}"
	ProjectSection(SolutionItems) = preProject
		Directory.Packages.props = Directory.Packages.props
		README.md = README.md
		.env = .env
		compose.yaml = compose.yaml
		CLAUDE.md = CLAUDE.md
		docs\postgres-recovery.md = docs\postgres-recovery.md
		..\Module_M12_ModeleDeDonnees_UserStories.md = ..\Module_M12_ModeleDeDonnees_UserStories.md
		..\User_Stories_Notifications_F12.9.md = ..\User_Stories_Notifications_F12.9.md
		docs\backup-runbook.md = docs\backup-runbook.md
		init-extensions.sql = init-extensions.sql
		postgres.Dockerfile = postgres.Dockerfile
	EndProjectSection
EndProject
Project("{FAE04EC0-301F-11D3-BF4B-00C04F79EFBC}") = "SankoreCRM.AppHost", "SankoreCRM.AppHost\SankoreCRM.AppHost.csproj", "{5E70C9B5-E0E5-49AA-8B12-C9CF523E54CB}"
EndProject
Project("{FAE04EC0-301F-11D3-BF4B-00C04F79EFBC}") = "SankoreCRM.ServiceDefaults", "SankoreCRM.ServiceDefaults\SankoreCRM.ServiceDefaults.csproj", "{3A3D0096-812A-4DF1-A568-054394472272}"
EndProject
Project("{2150E333-8FDC-42A3-9474-1A3956D46DE8}") = "Workflow", "Workflow", "{F5C6F997-6F99-46F2-A461-BB3D2B9CAC6F}"
EndProject
Project("{FAE04EC0-301F-11D3-BF4B-00C04F79EFBC}") = "Sankore.Modules.Administration.Tests", "src\Modules\Administration\Sankore.Modules.Administration.Tests\Sankore.Modules.Administration.Tests.csproj", "{5B7991A2-C201-4EAE-AC8D-B9A4F07342C3}"
EndProject
Project("{FAE04EC0-301F-11D3-BF4B-00C04F79EFBC}") = "Sankore.Modules.Workflow.PublicApi", "src\Modules\Workflow\Sankore.Modules.Workflow.PublicApi\Sankore.Modules.Workflow.PublicApi.csproj", "{12A0026D-E38F-46F9-B84E-184FB45B366F}"
EndProject
Project("{FAE04EC0-301F-11D3-BF4B-00C04F79EFBC}") = "Sankore.Modules.Workflow", "src\Modules\Workflow\Sankore.Modules.Workflow\Sankore.Modules.Workflow.csproj", "{F1A30D6B-8111-4240-9A6D-6F98E836951E}"
EndProject
Project("{FAE04EC0-301F-11D3-BF4B-00C04F79EFBC}") = "Sankore.Modules.Workflow.Tests", "src\Modules\Workflow\Sankore.Modules.Workflow.Tests\Sankore.Modules.Workflow.Tests.csproj", "{B9583949-2445-41E2-BC0B-7DFC0334DBCC}"
EndProject
Project("{FAE04EC0-301F-11D3-BF4B-00C04F79EFBC}") = "Sankore.Shared.Infrastructure.Tests", "src\Shared\Sankore.Shared.Infrastructure.Tests\Sankore.Shared.Infrastructure.Tests.csproj", "{9AC4F896-C442-4A9F-B725-9C93C8F19009}"
EndProject
Project("{2150E333-8FDC-42A3-9474-1A3956D46DE8}") = "Notifications", "Notifications", "{11111111-0000-0000-0000-000000000006}"
EndProject
Project("{FAE04EC0-301F-11D3-BF4B-00C04F79EFBC}") = "Sankore.Modules.Notifications.PublicApi", "src\Modules\Notifications\Sankore.Modules.Notifications.PublicApi\Sankore.Modules.Notifications.PublicApi.csproj", "{B1C2D3E4-F5A6-4789-BCDE-F01234567891}"
EndProject
Project("{FAE04EC0-301F-11D3-BF4B-00C04F79EFBC}") = "Sankore.Modules.Notifications", "src\Modules\Notifications\Sankore.Modules.Notifications\Sankore.Modules.Notifications.csproj", "{CC755210-77E5-46CE-8012-3429271CFB16}"
EndProject
Project("{FAE04EC0-301F-11D3-BF4B-00C04F79EFBC}") = "Sankore.Modules.Notifications.Tests", "src\Modules\Notifications\Sankore.Modules.Notifications.Tests\Sankore.Modules.Notifications.Tests.csproj", "{D3E4F5A6-B7C8-4901-DEF0-123456789123}"
EndProject
Project("{FAE04EC0-301F-11D3-BF4B-00C04F79EFBC}") = "Sankore.Admin", "src\Bootstrapper\Sankore.Admin\Sankore.Admin.csproj", "{ED0807FE-3969-4A93-A275-B946C64F0545}"
EndProject
Global
	GlobalSection(SolutionConfigurationPlatforms) = preSolution
		Debug|Any CPU = Debug|Any CPU
		Debug|x64 = Debug|x64
		Debug|x86 = Debug|x86
		Release|Any CPU = Release|Any CPU
		Release|x64 = Release|x64
		Release|x86 = Release|x86
	EndGlobalSection
	GlobalSection(ProjectConfigurationPlatforms) = postSolution
		{2AE78283-3E16-4B9A-A6B2-B2CD5B178917}.Debug|Any CPU.ActiveCfg = Debug|Any CPU
		{2AE78283-3E16-4B9A-A6B2-B2CD5B178917}.Debug|Any CPU.Build.0 = Debug|Any CPU
		{2AE78283-3E16-4B9A-A6B2-B2CD5B178917}.Debug|x64.ActiveCfg = Debug|Any CPU
		{2AE78283-3E16-4B9A-A6B2-B2CD5B178917}.Debug|x64.Build.0 = Debug|Any CPU
		{2AE78283-3E16-4B9A-A6B2-B2CD5B178917}.Debug|x86.ActiveCfg = Debug|Any CPU
		{2AE78283-3E16-4B9A-A6B2-B2CD5B178917}.Debug|x86.Build.0 = Debug|Any CPU
		{2AE78283-3E16-4B9A-A6B2-B2CD5B178917}.Release|Any CPU.ActiveCfg = Release|Any CPU
		{2AE78283-3E16-4B9A-A6B2-B2CD5B178917}.Release|Any CPU.Build.0 = Release|Any CPU
		{2AE78283-3E16-4B9A-A6B2-B2CD5B178917}.Release|x64.ActiveCfg = Release|Any CPU
		{2AE78283-3E16-4B9A-A6B2-B2CD5B178917}.Release|x64.Build.0 = Release|Any CPU
		{2AE78283-3E16-4B9A-A6B2-B2CD5B178917}.Release|x86.ActiveCfg = Release|Any CPU
		{2AE78283-3E16-4B9A-A6B2-B2CD5B178917}.Release|x86.Build.0 = Release|Any CPU
		{D9E38DC0-7B91-4A66-8A8F-966C2B78F3EB}.Debug|Any CPU.ActiveCfg = Debug|Any CPU
		{D9E38DC0-7B91-4A66-8A8F-966C2B78F3EB}.Debug|Any CPU.Build.0 = Debug|Any CPU
		{D9E38DC0-7B91-4A66-8A8F-966C2B78F3EB}.Debug|x64.ActiveCfg = Debug|Any CPU
		{D9E38DC0-7B91-4A66-8A8F-966C2B78F3EB}.Debug|x64.Build.0 = Debug|Any CPU
		{D9E38DC0-7B91-4A66-8A8F-966C2B78F3EB}.Debug|x86.ActiveCfg = Debug|Any CPU
		{D9E38DC0-7B91-4A66-8A8F-966C2B78F3EB}.Debug|x86.Build.0 = Debug|Any CPU
		{D9E38DC0-7B91-4A66-8A8F-966C2B78F3EB}.Release|Any CPU.ActiveCfg = Release|Any CPU
		{D9E38DC0-7B91-4A66-8A8F-966C2B78F3EB}.Release|Any CPU.Build.0 = Release|Any CPU
		{D9E38DC0-7B91-4A66-8A8F-966C2B78F3EB}.Release|x64.ActiveCfg = Release|Any CPU
		{D9E38DC0-7B91-4A66-8A8F-966C2B78F3EB}.Release|x64.Build.0 = Release|Any CPU
		{D9E38DC0-7B91-4A66-8A8F-966C2B78F3EB}.Release|x86.ActiveCfg = Release|Any CPU
		{D9E38DC0-7B91-4A66-8A8F-966C2B78F3EB}.Release|x86.Build.0 = Release|Any CPU
		{B9460BA3-E380-4EBE-B62E-689B09AC35AA}.Debug|Any CPU.ActiveCfg = Debug|Any CPU
		{B9460BA3-E380-4EBE-B62E-689B09AC35AA}.Debug|Any CPU.Build.0 = Debug|Any CPU
		{B9460BA3-E380-4EBE-B62E-689B09AC35AA}.Debug|x64.ActiveCfg = Debug|Any CPU
		{B9460BA3-E380-4EBE-B62E-689B09AC35AA}.Debug|x64.Build.0 = Debug|Any CPU
		{B9460BA3-E380-4EBE-B62E-689B09AC35AA}.Debug|x86.ActiveCfg = Debug|Any CPU
		{B9460BA3-E380-4EBE-B62E-689B09AC35AA}.Debug|x86.Build.0 = Debug|Any CPU
		{B9460BA3-E380-4EBE-B62E-689B09AC35AA}.Release|Any CPU.ActiveCfg = Release|Any CPU
		{B9460BA3-E380-4EBE-B62E-689B09AC35AA}.Release|Any CPU.Build.0 = Release|Any CPU
		{B9460BA3-E380-4EBE-B62E-689B09AC35AA}.Release|x64.ActiveCfg = Release|Any CPU
		{B9460BA3-E380-4EBE-B62E-689B09AC35AA}.Release|x64.Build.0 = Release|Any CPU
		{B9460BA3-E380-4EBE-B62E-689B09AC35AA}.Release|x86.ActiveCfg = Release|Any CPU
		{B9460BA3-E380-4EBE-B62E-689B09AC35AA}.Release|x86.Build.0 = Release|Any CPU
		{8763B3C8-C50C-4B9A-A329-51121D7CF2CA}.Debug|Any CPU.ActiveCfg = Debug|Any CPU
		{8763B3C8-C50C-4B9A-A329-51121D7CF2CA}.Debug|Any CPU.Build.0 = Debug|Any CPU
		{8763B3C8-C50C-4B9A-A329-51121D7CF2CA}.Debug|x64.ActiveCfg = Debug|Any CPU
		{8763B3C8-C50C-4B9A-A329-51121D7CF2CA}.Debug|x64.Build.0 = Debug|Any CPU
		{8763B3C8-C50C-4B9A-A329-51121D7CF2CA}.Debug|x86.ActiveCfg = Debug|Any CPU
		{8763B3C8-C50C-4B9A-A329-51121D7CF2CA}.Debug|x86.Build.0 = Debug|Any CPU
		{8763B3C8-C50C-4B9A-A329-51121D7CF2CA}.Release|Any CPU.ActiveCfg = Release|Any CPU
		{8763B3C8-C50C-4B9A-A329-51121D7CF2CA}.Release|Any CPU.Build.0 = Release|Any CPU
		{8763B3C8-C50C-4B9A-A329-51121D7CF2CA}.Release|x64.ActiveCfg = Release|Any CPU
		{8763B3C8-C50C-4B9A-A329-51121D7CF2CA}.Release|x64.Build.0 = Release|Any CPU
		{8763B3C8-C50C-4B9A-A329-51121D7CF2CA}.Release|x86.ActiveCfg = Release|Any CPU
		{8763B3C8-C50C-4B9A-A329-51121D7CF2CA}.Release|x86.Build.0 = Release|Any CPU
		{A1F7054B-2C37-45C7-BD02-AB353749F747}.Debug|Any CPU.ActiveCfg = Debug|Any CPU
		{A1F7054B-2C37-45C7-BD02-AB353749F747}.Debug|Any CPU.Build.0 = Debug|Any CPU
		{A1F7054B-2C37-45C7-BD02-AB353749F747}.Debug|x64.ActiveCfg = Debug|Any CPU
		{A1F7054B-2C37-45C7-BD02-AB353749F747}.Debug|x64.Build.0 = Debug|Any CPU
		{A1F7054B-2C37-45C7-BD02-AB353749F747}.Debug|x86.ActiveCfg = Debug|Any CPU
		{A1F7054B-2C37-45C7-BD02-AB353749F747}.Debug|x86.Build.0 = Debug|Any CPU
		{A1F7054B-2C37-45C7-BD02-AB353749F747}.Release|Any CPU.ActiveCfg = Release|Any CPU
		{A1F7054B-2C37-45C7-BD02-AB353749F747}.Release|Any CPU.Build.0 = Release|Any CPU
		{A1F7054B-2C37-45C7-BD02-AB353749F747}.Release|x64.ActiveCfg = Release|Any CPU
		{A1F7054B-2C37-45C7-BD02-AB353749F747}.Release|x64.Build.0 = Release|Any CPU
		{A1F7054B-2C37-45C7-BD02-AB353749F747}.Release|x86.ActiveCfg = Release|Any CPU
		{A1F7054B-2C37-45C7-BD02-AB353749F747}.Release|x86.Build.0 = Release|Any CPU
		{E3D0DC5A-0466-48E9-9612-77940AC94024}.Debug|Any CPU.ActiveCfg = Debug|Any CPU
		{E3D0DC5A-0466-48E9-9612-77940AC94024}.Debug|Any CPU.Build.0 = Debug|Any CPU
		{E3D0DC5A-0466-48E9-9612-77940AC94024}.Debug|x64.ActiveCfg = Debug|Any CPU
		{E3D0DC5A-0466-48E9-9612-77940AC94024}.Debug|x64.Build.0 = Debug|Any CPU
		{E3D0DC5A-0466-48E9-9612-77940AC94024}.Debug|x86.ActiveCfg = Debug|Any CPU
		{E3D0DC5A-0466-48E9-9612-77940AC94024}.Debug|x86.Build.0 = Debug|Any CPU
		{E3D0DC5A-0466-48E9-9612-77940AC94024}.Release|Any CPU.ActiveCfg = Release|Any CPU
		{E3D0DC5A-0466-48E9-9612-77940AC94024}.Release|Any CPU.Build.0 = Release|Any CPU
		{E3D0DC5A-0466-48E9-9612-77940AC94024}.Release|x64.ActiveCfg = Release|Any CPU
		{E3D0DC5A-0466-48E9-9612-77940AC94024}.Release|x64.Build.0 = Release|Any CPU
		{E3D0DC5A-0466-48E9-9612-77940AC94024}.Release|x86.ActiveCfg = Release|Any CPU
		{E3D0DC5A-0466-48E9-9612-77940AC94024}.Release|x86.Build.0 = Release|Any CPU
		{58F51E34-775A-4197-A825-434121C03D86}.Debug|Any CPU.ActiveCfg = Debug|Any CPU
		{58F51E34-775A-4197-A825-434121C03D86}.Debug|Any CPU.Build.0 = Debug|Any CPU
		{58F51E34-775A-4197-A825-434121C03D86}.Debug|x64.ActiveCfg = Debug|Any CPU
		{58F51E34-775A-4197-A825-434121C03D86}.Debug|x64.Build.0 = Debug|Any CPU
		{58F51E34-775A-4197-A825-434121C03D86}.Debug|x86.ActiveCfg = Debug|Any CPU
		{58F51E34-775A-4197-A825-434121C03D86}.Debug|x86.Build.0 = Debug|Any CPU
		{58F51E34-775A-4197-A825-434121C03D86}.Release|Any CPU.ActiveCfg = Release|Any CPU
		{58F51E34-775A-4197-A825-434121C03D86}.Release|Any CPU.Build.0 = Release|Any CPU
		{58F51E34-775A-4197-A825-434121C03D86}.Release|x64.ActiveCfg = Release|Any CPU
		{58F51E34-775A-4197-A825-434121C03D86}.Release|x64.Build.0 = Release|Any CPU
		{58F51E34-775A-4197-A825-434121C03D86}.Release|x86.ActiveCfg = Release|Any CPU
		{58F51E34-775A-4197-A825-434121C03D86}.Release|x86.Build.0 = Release|Any CPU
		{B1F9E964-2B8B-4A3B-9290-88036EB1C448}.Debug|Any CPU.ActiveCfg = Debug|Any CPU
		{B1F9E964-2B8B-4A3B-9290-88036EB1C448}.Debug|Any CPU.Build.0 = Debug|Any CPU
		{B1F9E964-2B8B-4A3B-9290-88036EB1C448}.Debug|x64.ActiveCfg = Debug|Any CPU
		{B1F9E964-2B8B-4A3B-9290-88036EB1C448}.Debug|x64.Build.0 = Debug|Any CPU
		{B1F9E964-2B8B-4A3B-9290-88036EB1C448}.Debug|x86.ActiveCfg = Debug|Any CPU
		{B1F9E964-2B8B-4A3B-9290-88036EB1C448}.Debug|x86.Build.0 = Debug|Any CPU
		{B1F9E964-2B8B-4A3B-9290-88036EB1C448}.Release|Any CPU.ActiveCfg = Release|Any CPU
		{B1F9E964-2B8B-4A3B-9290-88036EB1C448}.Release|Any CPU.Build.0 = Release|Any CPU
		{B1F9E964-2B8B-4A3B-9290-88036EB1C448}.Release|x64.ActiveCfg = Release|Any CPU
		{B1F9E964-2B8B-4A3B-9290-88036EB1C448}.Release|x64.Build.0 = Release|Any CPU
		{B1F9E964-2B8B-4A3B-9290-88036EB1C448}.Release|x86.ActiveCfg = Release|Any CPU
		{B1F9E964-2B8B-4A3B-9290-88036EB1C448}.Release|x86.Build.0 = Release|Any CPU
		{5E70C9B5-E0E5-49AA-8B12-C9CF523E54CB}.Debug|Any CPU.ActiveCfg = Debug|Any CPU
		{5E70C9B5-E0E5-49AA-8B12-C9CF523E54CB}.Debug|Any CPU.Build.0 = Debug|Any CPU
		{5E70C9B5-E0E5-49AA-8B12-C9CF523E54CB}.Debug|x64.ActiveCfg = Debug|Any CPU
		{5E70C9B5-E0E5-49AA-8B12-C9CF523E54CB}.Debug|x64.Build.0 = Debug|Any CPU
		{5E70C9B5-E0E5-49AA-8B12-C9CF523E54CB}.Debug|x86.ActiveCfg = Debug|Any CPU
		{5E70C9B5-E0E5-49AA-8B12-C9CF523E54CB}.Debug|x86.Build.0 = Debug|Any CPU
		{5E70C9B5-E0E5-49AA-8B12-C9CF523E54CB}.Release|Any CPU.ActiveCfg = Release|Any CPU
		{5E70C9B5-E0E5-49AA-8B12-C9CF523E54CB}.Release|Any CPU.Build.0 = Release|Any CPU
		{5E70C9B5-E0E5-49AA-8B12-C9CF523E54CB}.Release|x64.ActiveCfg = Release|Any CPU
		{5E70C9B5-E0E5-49AA-8B12-C9CF523E54CB}.Release|x64.Build.0 = Release|Any CPU
		{5E70C9B5-E0E5-49AA-8B12-C9CF523E54CB}.Release|x86.ActiveCfg = Release|Any CPU
		{5E70C9B5-E0E5-49AA-8B12-C9CF523E54CB}.Release|x86.Build.0 = Release|Any CPU
		{3A3D0096-812A-4DF1-A568-054394472272}.Debug|Any CPU.ActiveCfg = Debug|Any CPU
		{3A3D0096-812A-4DF1-A568-054394472272}.Debug|Any CPU.Build.0 = Debug|Any CPU
		{3A3D0096-812A-4DF1-A568-054394472272}.Debug|x64.ActiveCfg = Debug|Any CPU
		{3A3D0096-812A-4DF1-A568-054394472272}.Debug|x64.Build.0 = Debug|Any CPU
		{3A3D0096-812A-4DF1-A568-054394472272}.Debug|x86.ActiveCfg = Debug|Any CPU
		{3A3D0096-812A-4DF1-A568-054394472272}.Debug|x86.Build.0 = Debug|Any CPU
		{3A3D0096-812A-4DF1-A568-054394472272}.Release|Any CPU.ActiveCfg = Release|Any CPU
		{3A3D0096-812A-4DF1-A568-054394472272}.Release|Any CPU.Build.0 = Release|Any CPU
		{3A3D0096-812A-4DF1-A568-054394472272}.Release|x64.ActiveCfg = Release|Any CPU
		{3A3D0096-812A-4DF1-A568-054394472272}.Release|x64.Build.0 = Release|Any CPU
		{3A3D0096-812A-4DF1-A568-054394472272}.Release|x86.ActiveCfg = Release|Any CPU
		{3A3D0096-812A-4DF1-A568-054394472272}.Release|x86.Build.0 = Release|Any CPU
		{5B7991A2-C201-4EAE-AC8D-B9A4F07342C3}.Debug|Any CPU.ActiveCfg = Debug|Any CPU
		{5B7991A2-C201-4EAE-AC8D-B9A4F07342C3}.Debug|Any CPU.Build.0 = Debug|Any CPU
		{5B7991A2-C201-4EAE-AC8D-B9A4F07342C3}.Debug|x64.ActiveCfg = Debug|Any CPU
		{5B7991A2-C201-4EAE-AC8D-B9A4F07342C3}.Debug|x64.Build.0 = Debug|Any CPU
		{5B7991A2-C201-4EAE-AC8D-B9A4F07342C3}.Debug|x86.ActiveCfg = Debug|Any CPU
		{5B7991A2-C201-4EAE-AC8D-B9A4F07342C3}.Debug|x86.Build.0 = Debug|Any CPU
		{5B7991A2-C201-4EAE-AC8D-B9A4F07342C3}.Release|Any CPU.ActiveCfg = Release|Any CPU
		{5B7991A2-C201-4EAE-AC8D-B9A4F07342C3}.Release|Any CPU.Build.0 = Release|Any CPU
		{5B7991A2-C201-4EAE-AC8D-B9A4F07342C3}.Release|x64.ActiveCfg = Release|Any CPU
		{5B7991A2-C201-4EAE-AC8D-B9A4F07342C3}.Release|x64.Build.0 = Release|Any CPU
		{5B7991A2-C201-4EAE-AC8D-B9A4F07342C3}.Release|x86.ActiveCfg = Release|Any CPU
		{5B7991A2-C201-4EAE-AC8D-B9A4F07342C3}.Release|x86.Build.0 = Release|Any CPU
		{12A0026D-E38F-46F9-B84E-184FB45B366F}.Debug|Any CPU.ActiveCfg = Debug|Any CPU
		{12A0026D-E38F-46F9-B84E-184FB45B366F}.Debug|Any CPU.Build.0 = Debug|Any CPU
		{12A0026D-E38F-46F9-B84E-184FB45B366F}.Debug|x64.ActiveCfg = Debug|Any CPU
		{12A0026D-E38F-46F9-B84E-184FB45B366F}.Debug|x64.Build.0 = Debug|Any CPU
		{12A0026D-E38F-46F9-B84E-184FB45B366F}.Debug|x86.ActiveCfg = Debug|Any CPU
		{12A0026D-E38F-46F9-B84E-184FB45B366F}.Debug|x86.Build.0 = Debug|Any CPU
		{12A0026D-E38F-46F9-B84E-184FB45B366F}.Release|Any CPU.ActiveCfg = Release|Any CPU
		{12A0026D-E38F-46F9-B84E-184FB45B366F}.Release|Any CPU.Build.0 = Release|Any CPU
		{12A0026D-E38F-46F9-B84E-184FB45B366F}.Release|x64.ActiveCfg = Release|Any CPU
		{12A0026D-E38F-46F9-B84E-184FB45B366F}.Release|x64.Build.0 = Release|Any CPU
		{12A0026D-E38F-46F9-B84E-184FB45B366F}.Release|x86.ActiveCfg = Release|Any CPU
		{12A0026D-E38F-46F9-B84E-184FB45B366F}.Release|x86.Build.0 = Release|Any CPU
		{F1A30D6B-8111-4240-9A6D-6F98E836951E}.Debug|Any CPU.ActiveCfg = Debug|Any CPU
		{F1A30D6B-8111-4240-9A6D-6F98E836951E}.Debug|Any CPU.Build.0 = Debug|Any CPU
		{F1A30D6B-8111-4240-9A6D-6F98E836951E}.Debug|x64.ActiveCfg = Debug|Any CPU
		{F1A30D6B-8111-4240-9A6D-6F98E836951E}.Debug|x64.Build.0 = Debug|Any CPU
		{F1A30D6B-8111-4240-9A6D-6F98E836951E}.Debug|x86.ActiveCfg = Debug|Any CPU
		{F1A30D6B-8111-4240-9A6D-6F98E836951E}.Debug|x86.Build.0 = Debug|Any CPU
		{F1A30D6B-8111-4240-9A6D-6F98E836951E}.Release|Any CPU.ActiveCfg = Release|Any CPU
		{F1A30D6B-8111-4240-9A6D-6F98E836951E}.Release|Any CPU.Build.0 = Release|Any CPU
		{F1A30D6B-8111-4240-9A6D-6F98E836951E}.Release|x64.ActiveCfg = Release|Any CPU
		{F1A30D6B-8111-4240-9A6D-6F98E836951E}.Release|x64.Build.0 = Release|Any CPU
		{F1A30D6B-8111-4240-9A6D-6F98E836951E}.Release|x86.ActiveCfg = Release|Any CPU
		{F1A30D6B-8111-4240-9A6D-6F98E836951E}.Release|x86.Build.0 = Release|Any CPU
		{B9583949-2445-41E2-BC0B-7DFC0334DBCC}.Debug|Any CPU.ActiveCfg = Debug|Any CPU
		{B9583949-2445-41E2-BC0B-7DFC0334DBCC}.Debug|Any CPU.Build.0 = Debug|Any CPU
		{B9583949-2445-41E2-BC0B-7DFC0334DBCC}.Debug|x64.ActiveCfg = Debug|Any CPU
		{B9583949-2445-41E2-BC0B-7DFC0334DBCC}.Debug|x64.Build.0 = Debug|Any CPU
		{B9583949-2445-41E2-BC0B-7DFC0334DBCC}.Debug|x86.ActiveCfg = Debug|Any CPU
		{B9583949-2445-41E2-BC0B-7DFC0334DBCC}.Debug|x86.Build.0 = Debug|Any CPU
		{B9583949-2445-41E2-BC0B-7DFC0334DBCC}.Release|Any CPU.ActiveCfg = Release|Any CPU
		{B9583949-2445-41E2-BC0B-7DFC0334DBCC}.Release|Any CPU.Build.0 = Release|Any CPU
		{B9583949-2445-41E2-BC0B-7DFC0334DBCC}.Release|x64.ActiveCfg = Release|Any CPU
		{B9583949-2445-41E2-BC0B-7DFC0334DBCC}.Release|x64.Build.0 = Release|Any CPU
		{B9583949-2445-41E2-BC0B-7DFC0334DBCC}.Release|x86.ActiveCfg = Release|Any CPU
		{B9583949-2445-41E2-BC0B-7DFC0334DBCC}.Release|x86.Build.0 = Release|Any CPU
		{9AC4F896-C442-4A9F-B725-9C93C8F19009}.Debug|Any CPU.ActiveCfg = Debug|Any CPU
		{9AC4F896-C442-4A9F-B725-9C93C8F19009}.Debug|Any CPU.Build.0 = Debug|Any CPU
		{9AC4F896-C442-4A9F-B725-9C93C8F19009}.Debug|x64.ActiveCfg = Debug|Any CPU
		{9AC4F896-C442-4A9F-B725-9C93C8F19009}.Debug|x64.Build.0 = Debug|Any CPU
		{9AC4F896-C442-4A9F-B725-9C93C8F19009}.Debug|x86.ActiveCfg = Debug|Any CPU
		{9AC4F896-C442-4A9F-B725-9C93C8F19009}.Debug|x86.Build.0 = Debug|Any CPU
		{9AC4F896-C442-4A9F-B725-9C93C8F19009}.Release|Any CPU.ActiveCfg = Release|Any CPU
		{9AC4F896-C442-4A9F-B725-9C93C8F19009}.Release|Any CPU.Build.0 = Release|Any CPU
		{9AC4F896-C442-4A9F-B725-9C93C8F19009}.Release|x64.ActiveCfg = Release|Any CPU
		{9AC4F896-C442-4A9F-B725-9C93C8F19009}.Release|x64.Build.0 = Release|Any CPU
		{9AC4F896-C442-4A9F-B725-9C93C8F19009}.Release|x86.ActiveCfg = Release|Any CPU
		{9AC4F896-C442-4A9F-B725-9C93C8F19009}.Release|x86.Build.0 = Release|Any CPU
		{B1C2D3E4-F5A6-4789-BCDE-F01234567891}.Debug|Any CPU.ActiveCfg = Debug|Any CPU
		{B1C2D3E4-F5A6-4789-BCDE-F01234567891}.Debug|Any CPU.Build.0 = Debug|Any CPU
		{B1C2D3E4-F5A6-4789-BCDE-F01234567891}.Debug|x64.ActiveCfg = Debug|Any CPU
		{B1C2D3E4-F5A6-4789-BCDE-F01234567891}.Debug|x64.Build.0 = Debug|Any CPU
		{B1C2D3E4-F5A6-4789-BCDE-F01234567891}.Debug|x86.ActiveCfg = Debug|Any CPU
		{B1C2D3E4-F5A6-4789-BCDE-F01234567891}.Debug|x86.Build.0 = Debug|Any CPU
		{B1C2D3E4-F5A6-4789-BCDE-F01234567891}.Release|Any CPU.ActiveCfg = Release|Any CPU
		{B1C2D3E4-F5A6-4789-BCDE-F01234567891}.Release|Any CPU.Build.0 = Release|Any CPU
		{B1C2D3E4-F5A6-4789-BCDE-F01234567891}.Release|x64.ActiveCfg = Release|Any CPU
		{B1C2D3E4-F5A6-4789-BCDE-F01234567891}.Release|x64.Build.0 = Release|Any CPU
		{B1C2D3E4-F5A6-4789-BCDE-F01234567891}.Release|x86.ActiveCfg = Release|Any CPU
		{B1C2D3E4-F5A6-4789-BCDE-F01234567891}.Release|x86.Build.0 = Release|Any CPU
		{CC755210-77E5-46CE-8012-3429271CFB16}.Debug|Any CPU.ActiveCfg = Debug|Any CPU
		{CC755210-77E5-46CE-8012-3429271CFB16}.Debug|Any CPU.Build.0 = Debug|Any CPU
		{CC755210-77E5-46CE-8012-3429271CFB16}.Debug|x64.ActiveCfg = Debug|Any CPU
		{CC755210-77E5-46CE-8012-3429271CFB16}.Debug|x64.Build.0 = Debug|Any CPU
		{CC755210-77E5-46CE-8012-3429271CFB16}.Debug|x86.ActiveCfg = Debug|Any CPU
		{CC755210-77E5-46CE-8012-3429271CFB16}.Debug|x86.Build.0 = Debug|Any CPU
		{CC755210-77E5-46CE-8012-3429271CFB16}.Release|Any CPU.ActiveCfg = Release|Any CPU
		{CC755210-77E5-46CE-8012-3429271CFB16}.Release|Any CPU.Build.0 = Release|Any CPU
		{CC755210-77E5-46CE-8012-3429271CFB16}.Release|x64.ActiveCfg = Release|Any CPU
		{CC755210-77E5-46CE-8012-3429271CFB16}.Release|x64.Build.0 = Release|Any CPU
		{CC755210-77E5-46CE-8012-3429271CFB16}.Release|x86.ActiveCfg = Release|Any CPU
		{CC755210-77E5-46CE-8012-3429271CFB16}.Release|x86.Build.0 = Release|Any CPU
		{D3E4F5A6-B7C8-4901-DEF0-123456789123}.Debug|Any CPU.ActiveCfg = Debug|Any CPU
		{D3E4F5A6-B7C8-4901-DEF0-123456789123}.Debug|Any CPU.Build.0 = Debug|Any CPU
		{D3E4F5A6-B7C8-4901-DEF0-123456789123}.Debug|x64.ActiveCfg = Debug|Any CPU
		{D3E4F5A6-B7C8-4901-DEF0-123456789123}.Debug|x64.Build.0 = Debug|Any CPU
		{D3E4F5A6-B7C8-4901-DEF0-123456789123}.Debug|x86.ActiveCfg = Debug|Any CPU
		{D3E4F5A6-B7C8-4901-DEF0-123456789123}.Debug|x86.Build.0 = Debug|Any CPU
		{D3E4F5A6-B7C8-4901-DEF0-123456789123}.Release|Any CPU.ActiveCfg = Release|Any CPU
		{D3E4F5A6-B7C8-4901-DEF0-123456789123}.Release|Any CPU.Build.0 = Release|Any CPU
		{D3E4F5A6-B7C8-4901-DEF0-123456789123}.Release|x64.ActiveCfg = Release|Any CPU
		{D3E4F5A6-B7C8-4901-DEF0-123456789123}.Release|x64.Build.0 = Release|Any CPU
		{D3E4F5A6-B7C8-4901-DEF0-123456789123}.Release|x86.ActiveCfg = Release|Any CPU
		{D3E4F5A6-B7C8-4901-DEF0-123456789123}.Release|x86.Build.0 = Release|Any CPU
		{ED0807FE-3969-4A93-A275-B946C64F0545}.Debug|Any CPU.ActiveCfg = Debug|Any CPU
		{ED0807FE-3969-4A93-A275-B946C64F0545}.Debug|Any CPU.Build.0 = Debug|Any CPU
		{ED0807FE-3969-4A93-A275-B946C64F0545}.Debug|x64.ActiveCfg = Debug|Any CPU
		{ED0807FE-3969-4A93-A275-B946C64F0545}.Debug|x64.Build.0 = Debug|Any CPU
		{ED0807FE-3969-4A93-A275-B946C64F0545}.Debug|x86.ActiveCfg = Debug|Any CPU
		{ED0807FE-3969-4A93-A275-B946C64F0545}.Debug|x86.Build.0 = Debug|Any CPU
		{ED0807FE-3969-4A93-A275-B946C64F0545}.Release|Any CPU.ActiveCfg = Release|Any CPU
		{ED0807FE-3969-4A93-A275-B946C64F0545}.Release|Any CPU.Build.0 = Release|Any CPU
		{ED0807FE-3969-4A93-A275-B946C64F0545}.Release|x64.ActiveCfg = Release|Any CPU
		{ED0807FE-3969-4A93-A275-B946C64F0545}.Release|x64.Build.0 = Release|Any CPU
		{ED0807FE-3969-4A93-A275-B946C64F0545}.Release|x86.ActiveCfg = Release|Any CPU
		{ED0807FE-3969-4A93-A275-B946C64F0545}.Release|x86.Build.0 = Release|Any CPU
	EndGlobalSection
	GlobalSection(SolutionProperties) = preSolution
		HideSolutionNode = FALSE
	EndGlobalSection
	GlobalSection(NestedProjects) = preSolution
		{2AE78283-3E16-4B9A-A6B2-B2CD5B178917} = {11111111-0000-0000-0000-000000000001}
		{D9E38DC0-7B91-4A66-8A8F-966C2B78F3EB} = {11111111-0000-0000-0000-000000000002}
		{B9460BA3-E380-4EBE-B62E-689B09AC35AA} = {11111111-0000-0000-0000-000000000002}
		{8763B3C8-C50C-4B9A-A329-51121D7CF2CA} = {11111111-0000-0000-0000-000000000004}
		{A1F7054B-2C37-45C7-BD02-AB353749F747} = {11111111-0000-0000-0000-000000000004}
		{E3D0DC5A-0466-48E9-9612-77940AC94024} = {11111111-0000-0000-0000-000000000005}
		{58F51E34-775A-4197-A825-434121C03D86} = {11111111-0000-0000-0000-000000000005}
		{B1F9E964-2B8B-4A3B-9290-88036EB1C448} = {11111111-0000-0000-0000-000000000005}
		{11111111-0000-0000-0000-000000000004} = {11111111-0000-0000-0000-000000000003}
		{11111111-0000-0000-0000-000000000005} = {11111111-0000-0000-0000-000000000003}
		{F5C6F997-6F99-46F2-A461-BB3D2B9CAC6F} = {11111111-0000-0000-0000-000000000003}
		{5B7991A2-C201-4EAE-AC8D-B9A4F07342C3} = {11111111-0000-0000-0000-000000000004}
		{12A0026D-E38F-46F9-B84E-184FB45B366F} = {F5C6F997-6F99-46F2-A461-BB3D2B9CAC6F}
		{F1A30D6B-8111-4240-9A6D-6F98E836951E} = {F5C6F997-6F99-46F2-A461-BB3D2B9CAC6F}
		{B9583949-2445-41E2-BC0B-7DFC0334DBCC} = {F5C6F997-6F99-46F2-A461-BB3D2B9CAC6F}
		{9AC4F896-C442-4A9F-B725-9C93C8F19009} = {11111111-0000-0000-0000-000000000002}
		{11111111-0000-0000-0000-000000000006} = {11111111-0000-0000-0000-000000000003}
		{B1C2D3E4-F5A6-4789-BCDE-F01234567891} = {11111111-0000-0000-0000-000000000006}
		{CC755210-77E5-46CE-8012-3429271CFB16} = {11111111-0000-0000-0000-000000000006}
		{D3E4F5A6-B7C8-4901-DEF0-123456789123} = {11111111-0000-0000-0000-000000000006}
		{ED0807FE-3969-4A93-A275-B946C64F0545} = {11111111-0000-0000-0000-000000000001}
	EndGlobalSection
EndGlobal
