Microsoft Visual Studio Solution File, Format Version 12.00
# Visual Studio Version 17
VisualStudioVersion = 17.11.35222.181
MinimumVisualStudioVersion = 10.0.40219.1
Project("{FAE04EC0-301F-11D3-BF4B-00C04F79EFBC}") = "Sankore.Api", "src\Bootstrapper\Sankore.Api\Sankore.Api.csproj", "{2AE78283-3E16-4B9A-A6B2-B2CD5B178917}"
EndProject
Project("{FAE04EC0-301F-11D3-BF4B-00C04F79EFBC}") = "Sankore.Shared.Kernel", "src\Shared\Sankore.Shared.Kernel\Sankore.Shared.Kernel.csproj", "{D9E38DC0-7B91-4A66-8A8F-966C2B78F3EB}"
EndProject
Project("{FAE04EC0-301F-11D3-BF4B-00C04F79EFBC}") = "Sankore.Shared.Infrastructure", "src\Shared\Sankore.Shared.Infrastructure\Sankore.Shared.Infrastructure.csproj", "{B9460BA3-E380-4EBE-B62E-689B09AC35AA}"
EndProject
Project("{FAE04EC0-301F-11D3-BF4B-00C04F79EFBC}") = "Sankore.Modules.Administration.PublicApi", "src\Modules\Administration\Sankore.Modules.Administration.PublicApi\Sankore.Modules.Administration.PublicApi.csproj", "{8763B3C8-C50C-4B9A-A329-51121D7CF2CA}"
EndProject
Project("{FAE04EC0-301F-11D3-BF4B-00C04F79EFBC}") = "Sankore.Modules.Administration", "src\Modules\Administration\Sankore.Modules.Administration\Sankore.Modules.Administration.csproj", "{A1F7054B-2C37-45C7-BD02-AB353749F747}"
EndProject
Project("{FAE04EC0-301F-11D3-BF4B-00C04F79EFBC}") = "Sankore.Modules.Leads.PublicApi", "src\Modules\Leads\Sankore.Modules.Leads.PublicApi\Sankore.Modules.Leads.PublicApi.csproj", "{E3D0DC5A-0466-48E9-9612-77940AC94024}"
EndProject
Project("{FAE04EC0-301F-11D3-BF4B-00C04F79EFBC}") = "Sankore.Modules.Leads", "src\Modules\Leads\Sankore.Modules.Leads\Sankore.Modules.Leads.csproj", "{58F51E34-775A-4197-A825-434121C03D86}"
EndProject
Project("{FAE04EC0-301F-11D3-BF4B-00C04F79EFBC}") = "Sankore.Modules.Leads.Tests", "src\Modules\Leads\Sankore.Modules.Leads.Tests\Sankore.Modules.Leads.Tests.csproj", "{B1F9E964-2B8B-4A3B-9290-88036EB1C448}"
EndProject
Project("{2150E333-8FDC-42A3-9474-1A3956D46DE8}") = "Bootstrapper", "Bootstrapper", "{11111111-0000-0000-0000-000000000001}"
EndProject
Project("{2150E333-8FDC-42A3-9474-1A3956D46DE8}") = "Shared", "Shared", "{11111111-0000-0000-0000-000000000002}"
EndProject
Project("{2150E333-8FDC-42A3-9474-1A3956D46DE8}") = "Modules", "Modules", "{11111111-0000-0000-0000-000000000003}"
EndProject
Project("{2150E333-8FDC-42A3-9474-1A3956D46DE8}") = "Administration", "Administration", "{11111111-0000-0000-0000-000000000004}"
EndProject
Project("{2150E333-8FDC-42A3-9474-1A3956D46DE8}") = "Leads", "Leads", "{11111111-0000-0000-0000-000000000005}"
EndProject
Project("{2150E333-8FDC-42A3-9474-1A3956D46DE8}") = "Solution Items", "Solution Items", "{CF3E2957-B0C0-41D3-AC29-5F38AEF43D88}"
	ProjectSection(SolutionItems) = preProject
		Directory.Packages.props = Directory.Packages.props
		README.md = README.md
		.env = .env
		compose.yaml = compose.yaml
		CLAUDE.md = CLAUDE.md
	EndProjectSection
EndProject
Project("{FAE04EC0-301F-11D3-BF4B-00C04F79EFBC}") = "SankoreCRM.AppHost", "SankoreCRM.AppHost\SankoreCRM.AppHost.csproj", "{5E70C9B5-E0E5-49AA-8B12-C9CF523E54CB}"
EndProject
Project("{FAE04EC0-301F-11D3-BF4B-00C04F79EFBC}") = "SankoreCRM.ServiceDefaults", "SankoreCRM.ServiceDefaults\SankoreCRM.ServiceDefaults.csproj", "{3A3D0096-812A-4DF1-A568-054394472272}"
EndProject
Global
	GlobalSection(SolutionConfigurationPlatforms) = preSolution
		Debug|Any CPU = Debug|Any CPU
		Release|Any CPU = Release|Any CPU
	EndGlobalSection
	GlobalSection(ProjectConfigurationPlatforms) = postSolution
		{2AE78283-3E16-4B9A-A6B2-B2CD5B178917}.Debug|Any CPU.ActiveCfg = Debug|Any CPU
		{2AE78283-3E16-4B9A-A6B2-B2CD5B178917}.Debug|Any CPU.Build.0 = Debug|Any CPU
		{2AE78283-3E16-4B9A-A6B2-B2CD5B178917}.Release|Any CPU.ActiveCfg = Release|Any CPU
		{2AE78283-3E16-4B9A-A6B2-B2CD5B178917}.Release|Any CPU.Build.0 = Release|Any CPU
		{D9E38DC0-7B91-4A66-8A8F-966C2B78F3EB}.Debug|Any CPU.ActiveCfg = Debug|Any CPU
		{D9E38DC0-7B91-4A66-8A8F-966C2B78F3EB}.Debug|Any CPU.Build.0 = Debug|Any CPU
		{D9E38DC0-7B91-4A66-8A8F-966C2B78F3EB}.Release|Any CPU.ActiveCfg = Release|Any CPU
		{D9E38DC0-7B91-4A66-8A8F-966C2B78F3EB}.Release|Any CPU.Build.0 = Release|Any CPU
		{B9460BA3-E380-4EBE-B62E-689B09AC35AA}.Debug|Any CPU.ActiveCfg = Debug|Any CPU
		{B9460BA3-E380-4EBE-B62E-689B09AC35AA}.Debug|Any CPU.Build.0 = Debug|Any CPU
		{B9460BA3-E380-4EBE-B62E-689B09AC35AA}.Release|Any CPU.ActiveCfg = Release|Any CPU
		{B9460BA3-E380-4EBE-B62E-689B09AC35AA}.Release|Any CPU.Build.0 = Release|Any CPU
		{8763B3C8-C50C-4B9A-A329-51121D7CF2CA}.Debug|Any CPU.ActiveCfg = Debug|Any CPU
		{8763B3C8-C50C-4B9A-A329-51121D7CF2CA}.Debug|Any CPU.Build.0 = Debug|Any CPU
		{8763B3C8-C50C-4B9A-A329-51121D7CF2CA}.Release|Any CPU.ActiveCfg = Release|Any CPU
		{8763B3C8-C50C-4B9A-A329-51121D7CF2CA}.Release|Any CPU.Build.0 = Release|Any CPU
		{A1F7054B-2C37-45C7-BD02-AB353749F747}.Debug|Any CPU.ActiveCfg = Debug|Any CPU
		{A1F7054B-2C37-45C7-BD02-AB353749F747}.Debug|Any CPU.Build.0 = Debug|Any CPU
		{A1F7054B-2C37-45C7-BD02-AB353749F747}.Release|Any CPU.ActiveCfg = Release|Any CPU
		{A1F7054B-2C37-45C7-BD02-AB353749F747}.Release|Any CPU.Build.0 = Release|Any CPU
		{E3D0DC5A-0466-48E9-9612-77940AC94024}.Debug|Any CPU.ActiveCfg = Debug|Any CPU
		{E3D0DC5A-0466-48E9-9612-77940AC94024}.Debug|Any CPU.Build.0 = Debug|Any CPU
		{E3D0DC5A-0466-48E9-9612-77940AC94024}.Release|Any CPU.ActiveCfg = Release|Any CPU
		{E3D0DC5A-0466-48E9-9612-77940AC94024}.Release|Any CPU.Build.0 = Release|Any CPU
		{58F51E34-775A-4197-A825-434121C03D86}.Debug|Any CPU.ActiveCfg = Debug|Any CPU
		{58F51E34-775A-4197-A825-434121C03D86}.Debug|Any CPU.Build.0 = Debug|Any CPU
		{58F51E34-775A-4197-A825-434121C03D86}.Release|Any CPU.ActiveCfg = Release|Any CPU
		{58F51E34-775A-4197-A825-434121C03D86}.Release|Any CPU.Build.0 = Release|Any CPU
		{B1F9E964-2B8B-4A3B-9290-88036EB1C448}.Debug|Any CPU.ActiveCfg = Debug|Any CPU
		{B1F9E964-2B8B-4A3B-9290-88036EB1C448}.Debug|Any CPU.Build.0 = Debug|Any CPU
		{B1F9E964-2B8B-4A3B-9290-88036EB1C448}.Release|Any CPU.ActiveCfg = Release|Any CPU
		{B1F9E964-2B8B-4A3B-9290-88036EB1C448}.Release|Any CPU.Build.0 = Release|Any CPU
		{5E70C9B5-E0E5-49AA-8B12-C9CF523E54CB}.Debug|Any CPU.ActiveCfg = Debug|Any CPU
		{5E70C9B5-E0E5-49AA-8B12-C9CF523E54CB}.Debug|Any CPU.Build.0 = Debug|Any CPU
		{5E70C9B5-E0E5-49AA-8B12-C9CF523E54CB}.Release|Any CPU.ActiveCfg = Release|Any CPU
		{5E70C9B5-E0E5-49AA-8B12-C9CF523E54CB}.Release|Any CPU.Build.0 = Release|Any CPU
		{3A3D0096-812A-4DF1-A568-054394472272}.Debug|Any CPU.ActiveCfg = Debug|Any CPU
		{3A3D0096-812A-4DF1-A568-054394472272}.Debug|Any CPU.Build.0 = Debug|Any CPU
		{3A3D0096-812A-4DF1-A568-054394472272}.Release|Any CPU.ActiveCfg = Release|Any CPU
		{3A3D0096-812A-4DF1-A568-054394472272}.Release|Any CPU.Build.0 = Release|Any CPU
	EndGlobalSection
	GlobalSection(SolutionProperties) = preSolution
		HideSolutionNode = FALSE
	EndGlobalSection
	GlobalSection(NestedProjects) = preSolution
		{2AE78283-3E16-4B9A-A6B2-B2CD5B178917} = {11111111-0000-0000-0000-000000000001}
		{D9E38DC0-7B91-4A66-8A8F-966C2B78F3EB} = {11111111-0000-0000-0000-000000000002}
		{B9460BA3-E380-4EBE-B62E-689B09AC35AA} = {11111111-0000-0000-0000-000000000002}
		{8763B3C8-C50C-4B9A-A329-51121D7CF2CA} = {11111111-0000-0000-0000-000000000004}
		{A1F7054B-2C37-45C7-BD02-AB353749F747} = {11111111-0000-0000-0000-000000000004}
		{E3D0DC5A-0466-48E9-9612-77940AC94024} = {11111111-0000-0000-0000-000000000005}
		{58F51E34-775A-4197-A825-434121C03D86} = {11111111-0000-0000-0000-000000000005}
		{B1F9E964-2B8B-4A3B-9290-88036EB1C448} = {11111111-0000-0000-0000-000000000005}
		{11111111-0000-0000-0000-000000000004} = {11111111-0000-0000-0000-000000000003}
		{11111111-0000-0000-0000-000000000005} = {11111111-0000-0000-0000-000000000003}
	EndGlobalSection
EndGlobal
